
Microsoft Visual Studio Solution File, Format Version 12.00
# Visual Studio Version 16
VisualStudioVersion = 16.0.30907.101
MinimumVisualStudioVersion = 10.0.40219.1
Project("{FAE04EC0-301F-11D3-BF4B-00C04F79EFBC}") = "Iterator", "Iterator\Iterator.csproj", "{F2A94789-F46F-47B3-8A15-97D14959295C}"
EndProject
Global
	GlobalSection(SolutionConfigurationPlatforms) = preSolution
		Debug|Any CPU = Debug|Any CPU
		Release|Any CPU = Release|Any CPU
	EndGlobalSection
	GlobalSection(ProjectConfigurationPlatforms) = postSolution
		{F2A94789-F46F-47B3-8A15-97D14959295C}.Debug|Any CPU.ActiveCfg = Debug|Any CPU
		{F2A94789-F46F-47B3-8A15-97D14959295C}.Debug|Any CPU.Build.0 = Debug|Any CPU
		{F2A94789-F46F-47B3-8A15-97D14959295C}.Release|Any CPU.ActiveCfg = Release|Any CPU
		{F2A94789-F46F-47B3-8A15-97D14959295C}.Release|Any CPU.Build.0 = Release|Any CPU
	EndGlobalSection
	GlobalSection(SolutionProperties) = preSolution
		HideSolutionNode = FALSE
	EndGlobalSection
	GlobalSection(ExtensibilityGlobals) = postSolution
		SolutionGuid = {3BCBA3CF-8E50-4B62-B9F1-9D498C8433C4}
	EndGlobalSection
EndGlobal
