
Microsoft Visual Studio Solution File, Format Version 12.00
# Visual Studio Version 16
VisualStudioVersion = 16.0.30907.101
MinimumVisualStudioVersion = 10.0.40219.1
Project("{FAE04EC0-301F-11D3-BF4B-00C04F79EFBC}") = "Memento", "Memento\Memento.csproj", "{E5292DD1-B0A8-4904-BA17-2111143A1124}"
EndProject
Global
	GlobalSection(SolutionConfigurationPlatforms) = preSolution
		Debug|Any CPU = Debug|Any CPU
		Release|Any CPU = Release|Any CPU
	EndGlobalSection
	GlobalSection(ProjectConfigurationPlatforms) = postSolution
		{E5292DD1-B0A8-4904-BA17-2111143A1124}.Debug|Any CPU.ActiveCfg = Debug|Any CPU
		{E5292DD1-B0A8-4904-BA17-2111143A1124}.Debug|Any CPU.Build.0 = Debug|Any CPU
		{E5292DD1-B0A8-4904-BA17-2111143A1124}.Release|Any CPU.ActiveCfg = Release|Any CPU
		{E5292DD1-B0A8-4904-BA17-2111143A1124}.Release|Any CPU.Build.0 = Release|Any CPU
	EndGlobalSection
	GlobalSection(SolutionProperties) = preSolution
		HideSolutionNode = FALSE
	EndGlobalSection
	GlobalSection(ExtensibilityGlobals) = postSolution
		SolutionGuid = {9C10ED76-B053-4106-ACF7-B12E4D4F9D0A}
	EndGlobalSection
EndGlobal
