
Microsoft Visual Studio Solution File, Format Version 12.00
# Visual Studio Version 16
VisualStudioVersion = 16.0.30907.101
MinimumVisualStudioVersion = 10.0.40219.1
Project("{FAE04EC0-301F-11D3-BF4B-00C04F79EFBC}") = "TempleteMethod", "TempleteMethod\TempleteMethod.csproj", "{141990E7-EEA9-4D1A-94FC-EBC3F2EEB4B5}"
EndProject
Global
	GlobalSection(SolutionConfigurationPlatforms) = preSolution
		Debug|Any CPU = Debug|Any CPU
		Release|Any CPU = Release|Any CPU
	EndGlobalSection
	GlobalSection(ProjectConfigurationPlatforms) = postSolution
		{141990E7-EEA9-4D1A-94FC-EBC3F2EEB4B5}.Debug|Any CPU.ActiveCfg = Debug|Any CPU
		{141990E7-EEA9-4D1A-94FC-EBC3F2EEB4B5}.Debug|Any CPU.Build.0 = Debug|Any CPU
		{141990E7-EEA9-4D1A-94FC-EBC3F2EEB4B5}.Release|Any CPU.ActiveCfg = Release|Any CPU
		{141990E7-EEA9-4D1A-94FC-EBC3F2EEB4B5}.Release|Any CPU.Build.0 = Release|Any CPU
	EndGlobalSection
	GlobalSection(SolutionProperties) = preSolution
		HideSolutionNode = FALSE
	EndGlobalSection
	GlobalSection(ExtensibilityGlobals) = postSolution
		SolutionGuid = {FBB29E2B-C07D-4247-9CB2-C283C8CEFC39}
	EndGlobalSection
EndGlobal
