
Microsoft Visual Studio Solution File, Format Version 12.00
# Visual Studio Version 16
VisualStudioVersion = 16.0.30907.101
MinimumVisualStudioVersion = 10.0.40219.1
Project("{FAE04EC0-301F-11D3-BF4B-00C04F79EFBC}") = "Prototype", "Prototype\Prototype.csproj", "{968837CF-2D45-4289-AE31-8DF2DF9FEFD0}"
EndProject
Global
	GlobalSection(SolutionConfigurationPlatforms) = preSolution
		Debug|Any CPU = Debug|Any CPU
		Release|Any CPU = Release|Any CPU
	EndGlobalSection
	GlobalSection(ProjectConfigurationPlatforms) = postSolution
		{968837CF-2D45-4289-AE31-8DF2DF9FEFD0}.Debug|Any CPU.ActiveCfg = Debug|Any CPU
		{968837CF-2D45-4289-AE31-8DF2DF9FEFD0}.Debug|Any CPU.Build.0 = Debug|Any CPU
		{968837CF-2D45-4289-AE31-8DF2DF9FEFD0}.Release|Any CPU.ActiveCfg = Release|Any CPU
		{968837CF-2D45-4289-AE31-8DF2DF9FEFD0}.Release|Any CPU.Build.0 = Release|Any CPU
	EndGlobalSection
	GlobalSection(SolutionProperties) = preSolution
		HideSolutionNode = FALSE
	EndGlobalSection
	GlobalSection(ExtensibilityGlobals) = postSolution
		SolutionGuid = {77C626E5-C67D-4095-9DF9-EAB2A889D1A4}
	EndGlobalSection
EndGlobal
