
Microsoft Visual Studio Solution File, Format Version 12.00
# Visual Studio Version 16
VisualStudioVersion = 16.0.30907.101
MinimumVisualStudioVersion = 10.0.40219.1
Project("{FAE04EC0-301F-11D3-BF4B-00C04F79EFBC}") = "Proxy", "Proxy\Proxy.csproj", "{57DDF0B4-E8FD-4788-8696-4B054E68ABD0}"
EndProject
Global
	GlobalSection(SolutionConfigurationPlatforms) = preSolution
		Debug|Any CPU = Debug|Any CPU
		Release|Any CPU = Release|Any CPU
	EndGlobalSection
	GlobalSection(ProjectConfigurationPlatforms) = postSolution
		{57DDF0B4-E8FD-4788-8696-4B054E68ABD0}.Debug|Any CPU.ActiveCfg = Debug|Any CPU
		{57DDF0B4-E8FD-4788-8696-4B054E68ABD0}.Debug|Any CPU.Build.0 = Debug|Any CPU
		{57DDF0B4-E8FD-4788-8696-4B054E68ABD0}.Release|Any CPU.ActiveCfg = Release|Any CPU
		{57DDF0B4-E8FD-4788-8696-4B054E68ABD0}.Release|Any CPU.Build.0 = Release|Any CPU
	EndGlobalSection
	GlobalSection(SolutionProperties) = preSolution
		HideSolutionNode = FALSE
	EndGlobalSection
	GlobalSection(ExtensibilityGlobals) = postSolution
		SolutionGuid = {27720E34-D9CD-4BFD-9D4C-A5BD28C3CB69}
	EndGlobalSection
EndGlobal
