
Microsoft Visual Studio Solution File, Format Version 12.00
# Visual Studio Version 16
VisualStudioVersion = 16.0.30907.101
MinimumVisualStudioVersion = 10.0.40219.1
Project("{FAE04EC0-301F-11D3-BF4B-00C04F79EFBC}") = "Decorator", "Decorator\Decorator.csproj", "{D7560F3B-3757-4A88-95FE-0854FDA96FDE}"
EndProject
Global
	GlobalSection(SolutionConfigurationPlatforms) = preSolution
		Debug|Any CPU = Debug|Any CPU
		Release|Any CPU = Release|Any CPU
	EndGlobalSection
	GlobalSection(ProjectConfigurationPlatforms) = postSolution
		{D7560F3B-3757-4A88-95FE-0854FDA96FDE}.Debug|Any CPU.ActiveCfg = Debug|Any CPU
		{D7560F3B-3757-4A88-95FE-0854FDA96FDE}.Debug|Any CPU.Build.0 = Debug|Any CPU
		{D7560F3B-3757-4A88-95FE-0854FDA96FDE}.Release|Any CPU.ActiveCfg = Release|Any CPU
		{D7560F3B-3757-4A88-95FE-0854FDA96FDE}.Release|Any CPU.Build.0 = Release|Any CPU
	EndGlobalSection
	GlobalSection(SolutionProperties) = preSolution
		HideSolutionNode = FALSE
	EndGlobalSection
	GlobalSection(ExtensibilityGlobals) = postSolution
		SolutionGuid = {DCBBFED5-1EFF-40E4-B5FE-18144887B67C}
	EndGlobalSection
EndGlobal
